
Microsoft Visual Studio Solution File, Format Version 12.00
Project("{FAE04EC0-301F-11D3-BF4B-00C04F79EFBC}") = "RMQ-Consumer", "RMQ-Consumer\RMQ-Consumer.csproj", "{38F2DD85-3390-452F-B3B7-D98B8B57A580}"
EndProject
Global
	GlobalSection(SolutionConfigurationPlatforms) = preSolution
		Debug|Any CPU = Debug|Any CPU
		Release|Any CPU = Release|Any CPU
	EndGlobalSection
	GlobalSection(ProjectConfigurationPlatforms) = postSolution
		{38F2DD85-3390-452F-B3B7-D98B8B57A580}.Debug|Any CPU.ActiveCfg = Debug|Any CPU
		{38F2DD85-3390-452F-B3B7-D98B8B57A580}.Debug|Any CPU.Build.0 = Debug|Any CPU
		{38F2DD85-3390-452F-B3B7-D98B8B57A580}.Release|Any CPU.ActiveCfg = Release|Any CPU
		{38F2DD85-3390-452F-B3B7-D98B8B57A580}.Release|Any CPU.Build.0 = Release|Any CPU
	EndGlobalSection
EndGlobal
