
Microsoft Visual Studio Solution File, Format Version 12.00
Project("{FAE04EC0-301F-11D3-BF4B-00C04F79EFBC}") = "RMQ-Producer", "RMQ-Producer\RMQ-Producer.csproj", "{BDECE423-F0CA-4DC9-99DD-AB43A5029601}"
EndProject
Global
	GlobalSection(SolutionConfigurationPlatforms) = preSolution
		Debug|Any CPU = Debug|Any CPU
		Release|Any CPU = Release|Any CPU
	EndGlobalSection
	GlobalSection(ProjectConfigurationPlatforms) = postSolution
		{BDECE423-F0CA-4DC9-99DD-AB43A5029601}.Debug|Any CPU.ActiveCfg = Debug|Any CPU
		{BDECE423-F0CA-4DC9-99DD-AB43A5029601}.Debug|Any CPU.Build.0 = Debug|Any CPU
		{BDECE423-F0CA-4DC9-99DD-AB43A5029601}.Release|Any CPU.ActiveCfg = Release|Any CPU
		{BDECE423-F0CA-4DC9-99DD-AB43A5029601}.Release|Any CPU.Build.0 = Release|Any CPU
	EndGlobalSection
EndGlobal
